
Microsoft Visual Studio Solution File, Format Version 12.00
# Visual Studio Version 16
VisualStudioVersion = 16.0.29209.62
MinimumVisualStudioVersion = 10.0.40219.1
Project("{9A19103F-16F7-4668-BE54-9A1E7A4F7556}") = "GerarClasses", "GerarClasses\GerarClasses.csproj", "{DADEFE0F-BE22-4504-A5E3-0AA9B98CEC62}"
EndProject
Project("{2150E333-8FDC-42A3-9474-1A3956D46DE8}") = "Solution Items", "Solution Items", "{AA7631FF-A9ED-4C61-A85E-B3D987000A29}"
	ProjectSection(SolutionItems) = preProject
		README.md = README.md
	EndProjectSection
EndProject
Global
	GlobalSection(SolutionConfigurationPlatforms) = preSolution
		Debug|Any CPU = Debug|Any CPU
		Release|Any CPU = Release|Any CPU
	EndGlobalSection
	GlobalSection(ProjectConfigurationPlatforms) = postSolution
		{DADEFE0F-BE22-4504-A5E3-0AA9B98CEC62}.Debug|Any CPU.ActiveCfg = Debug|Any CPU
		{DADEFE0F-BE22-4504-A5E3-0AA9B98CEC62}.Debug|Any CPU.Build.0 = Debug|Any CPU
		{DADEFE0F-BE22-4504-A5E3-0AA9B98CEC62}.Release|Any CPU.ActiveCfg = Release|Any CPU
		{DADEFE0F-BE22-4504-A5E3-0AA9B98CEC62}.Release|Any CPU.Build.0 = Release|Any CPU
	EndGlobalSection
	GlobalSection(SolutionProperties) = preSolution
		HideSolutionNode = FALSE
	EndGlobalSection
	GlobalSection(ExtensibilityGlobals) = postSolution
		SolutionGuid = {85EF5B54-BFF2-4C0D-8872-F9C7FF055638}
	EndGlobalSection
EndGlobal
